// !$*UTF8*$!
{
	archiveVersion = 1;
	classes = {
	};
	objectVersion = 46;
	objects = {

/* Begin PBXBuildFile section */
		2600F7DB1BFC60AC00357448 /* Books.swift in Sources */ = {isa = PBXBuildFile; fileRef = 2600F7DA1BFC60AC00357448 /* Books.swift */; };
		2600F7DD1BFC725700357448 /* Book.swift in Sources */ = {isa = PBXBuildFile; fileRef = 2600F7DC1BFC725700357448 /* Book.swift */; };
		264F9E9C1BF9857500D7423A /* AppDelegate.swift in Sources */ = {isa = PBXBuildFile; fileRef = 264F9E9B1BF9857500D7423A /* AppDelegate.swift */; };
		264F9EA11BF9857500D7423A /* Main.storyboard in Resources */ = {isa = PBXBuildFile; fileRef = 264F9E9F1BF9857500D7423A /* Main.storyboard */; };
		264F9EA31BF9857500D7423A /* Assets.xcassets in Resources */ = {isa = PBXBuildFile; fileRef = 264F9EA21BF9857500D7423A /* Assets.xcassets */; };
		264F9EA61BF9857500D7423A /* LaunchScreen.storyboard in Resources */ = {isa = PBXBuildFile; fileRef = 264F9EA41BF9857500D7423A /* LaunchScreen.storyboard */; };
		264F9EB11BF9857500D7423A /* ProlificLibraryTests.swift in Sources */ = {isa = PBXBuildFile; fileRef = 264F9EB01BF9857500D7423A /* ProlificLibraryTests.swift */; };
		264F9EBC1BF9857600D7423A /* ProlificLibraryUITests.swift in Sources */ = {isa = PBXBuildFile; fileRef = 264F9EBB1BF9857600D7423A /* ProlificLibraryUITests.swift */; };
		264F9ECA1BF989E100D7423A /* TableViewController.swift in Sources */ = {isa = PBXBuildFile; fileRef = 264F9EC91BF989E100D7423A /* TableViewController.swift */; };
		264F9ECE1BF98E5700D7423A /* AddBooksVC.swift in Sources */ = {isa = PBXBuildFile; fileRef = 264F9ECD1BF98E5700D7423A /* AddBooksVC.swift */; };
		264F9ED01BF98E8100D7423A /* DetailedBookVC.swift in Sources */ = {isa = PBXBuildFile; fileRef = 264F9ECF1BF98E8100D7423A /* DetailedBookVC.swift */; };
		D5EF2DC6E44D13311A0567A0 /* Pods_ProlificLibrary.framework in Frameworks */ = {isa = PBXBuildFile; fileRef = 98CAD4529A469B30FEB4A087 /* Pods_ProlificLibrary.framework */; };
/* End PBXBuildFile section */

/* Begin PBXContainerItemProxy section */
		264F9EAD1BF9857500D7423A /* PBXContainerItemProxy */ = {
			isa = PBXContainerItemProxy;
			containerPortal = 264F9E901BF9857500D7423A /* Project object */;
			proxyType = 1;
			remoteGlobalIDString = 264F9E971BF9857500D7423A;
			remoteInfo = ProlificLibrary;
		};
		264F9EB81BF9857600D7423A /* PBXContainerItemProxy */ = {
			isa = PBXContainerItemProxy;
			containerPortal = 264F9E901BF9857500D7423A /* Project object */;
			proxyType = 1;
			remoteGlobalIDString = 264F9E971BF9857500D7423A;
			remoteInfo = ProlificLibrary;
		};
/* End PBXContainerItemProxy section */

/* Begin PBXFileReference section */
		2600F7DA1BFC60AC00357448 /* Books.swift */ = {isa = PBXFileReference; fileEncoding = 4; lastKnownFileType = sourcecode.swift; path = Books.swift; sourceTree = "<group>"; };
		2600F7DC1BFC725700357448 /* Book.swift */ = {isa = PBXFileReference; fileEncoding = 4; lastKnownFileType = sourcecode.swift; path = Book.swift; sourceTree = "<group>"; };
		264F9E981BF9857500D7423A /* ProlificLibrary.app */ = {isa = PBXFileReference; explicitFileType = wrapper.application; includeInIndex = 0; path = ProlificLibrary.app; sourceTree = BUILT_PRODUCTS_DIR; };
		264F9E9B1BF9857500D7423A /* AppDelegate.swift */ = {isa = PBXFileReference; lastKnownFileType = sourcecode.swift; path = AppDelegate.swift; sourceTree = "<group>"; };
		264F9EA01BF9857500D7423A /* Base */ = {isa = PBXFileReference; lastKnownFileType = file.storyboard; name = Base; path = Base.lproj/Main.storyboard; sourceTree = "<group>"; };
		264F9EA21BF9857500D7423A /* Assets.xcassets */ = {isa = PBXFileReference; lastKnownFileType = folder.assetcatalog; path = Assets.xcassets; sourceTree = "<group>"; };
		264F9EA51BF9857500D7423A /* Base */ = {isa = PBXFileReference; lastKnownFileType = file.storyboard; name = Base; path = Base.lproj/LaunchScreen.storyboard; sourceTree = "<group>"; };
		264F9EA71BF9857500D7423A /* Info.plist */ = {isa = PBXFileReference; lastKnownFileType = text.plist.xml; path = Info.plist; sourceTree = "<group>"; };
		264F9EAC1BF9857500D7423A /* ProlificLibraryTests.xctest */ = {isa = PBXFileReference; explicitFileType = wrapper.cfbundle; includeInIndex = 0; path = ProlificLibraryTests.xctest; sourceTree = BUILT_PRODUCTS_DIR; };
		264F9EB01BF9857500D7423A /* ProlificLibraryTests.swift */ = {isa = PBXFileReference; lastKnownFileType = sourcecode.swift; path = ProlificLibraryTests.swift; sourceTree = "<group>"; };
		264F9EB21BF9857500D7423A /* Info.plist */ = {isa = PBXFileReference; lastKnownFileType = text.plist.xml; path = Info.plist; sourceTree = "<group>"; };
		264F9EB71BF9857600D7423A /* ProlificLibraryUITests.xctest */ = {isa = PBXFileReference; explicitFileType = wrapper.cfbundle; includeInIndex = 0; path = ProlificLibraryUITests.xctest; sourceTree = BUILT_PRODUCTS_DIR; };
		264F9EBB1BF9857600D7423A /* ProlificLibraryUITests.swift */ = {isa = PBXFileReference; lastKnownFileType = sourcecode.swift; path = ProlificLibraryUITests.swift; sourceTree = "<group>"; };
		264F9EBD1BF9857600D7423A /* Info.plist */ = {isa = PBXFileReference; lastKnownFileType = text.plist.xml; path = Info.plist; sourceTree = "<group>"; };
		264F9EC91BF989E100D7423A /* TableViewController.swift */ = {isa = PBXFileReference; fileEncoding = 4; lastKnownFileType = sourcecode.swift; path = TableViewController.swift; sourceTree = "<group>"; };
		264F9ECD1BF98E5700D7423A /* AddBooksVC.swift */ = {isa = PBXFileReference; fileEncoding = 4; lastKnownFileType = sourcecode.swift; path = AddBooksVC.swift; sourceTree = "<group>"; };
		264F9ECF1BF98E8100D7423A /* DetailedBookVC.swift */ = {isa = PBXFileReference; fileEncoding = 4; lastKnownFileType = sourcecode.swift; path = DetailedBookVC.swift; sourceTree = "<group>"; };
		98CAD4529A469B30FEB4A087 /* Pods_ProlificLibrary.framework */ = {isa = PBXFileReference; explicitFileType = wrapper.framework; includeInIndex = 0; path = Pods_ProlificLibrary.framework; sourceTree = BUILT_PRODUCTS_DIR; };
		AB2582AB9FBF5CDB35AE8307 /* Pods-ProlificLibrary.release.xcconfig */ = {isa = PBXFileReference; includeInIndex = 1; lastKnownFileType = text.xcconfig; name = "Pods-ProlificLibrary.release.xcconfig"; path = "Pods/Target Support Files/Pods-ProlificLibrary/Pods-ProlificLibrary.release.xcconfig"; sourceTree = "<group>"; };
		FFD793E34CAD2009C5D2C3F2 /* Pods-ProlificLibrary.debug.xcconfig */ = {isa = PBXFileReference; includeInIndex = 1; lastKnownFileType = text.xcconfig; name = "Pods-ProlificLibrary.debug.xcconfig"; path = "Pods/Target Support Files/Pods-ProlificLibrary/Pods-ProlificLibrary.debug.xcconfig"; sourceTree = "<group>"; };
/* End PBXFileReference section */

/* Begin PBXFrameworksBuildPhase section */
		264F9E951BF9857500D7423A /* Frameworks */ = {
			isa = PBXFrameworksBuildPhase;
			buildActionMask = 2147483647;
			files = (
				D5EF2DC6E44D13311A0567A0 /* Pods_ProlificLibrary.framework in Frameworks */,
			);
			runOnlyForDeploymentPostprocessing = 0;
		};
		264F9EA91BF9857500D7423A /* Frameworks */ = {
			isa = PBXFrameworksBuildPhase;
			buildActionMask = 2147483647;
			files = (
			);
			runOnlyForDeploymentPostprocessing = 0;
		};
		264F9EB41BF9857500D7423A /* Frameworks */ = {
			isa = PBXFrameworksBuildPhase;
			buildActionMask = 2147483647;
			files = (
			);
			runOnlyForDeploymentPostprocessing = 0;
		};
/* End PBXFrameworksBuildPhase section */

/* Begin PBXGroup section */
		2600F7DE1BFC726000357448 /* Model */ = {
			isa = PBXGroup;
			children = (
				2600F7DC1BFC725700357448 /* Book.swift */,
				2600F7DA1BFC60AC00357448 /* Books.swift */,
			);
			name = Model;
			path = ProlificLibrary;
			sourceTree = "<group>";
		};
		264F9E8F1BF9857500D7423A = {
			isa = PBXGroup;
			children = (
				264F9E9A1BF9857500D7423A /* ProlificLibrary */,
				2600F7DE1BFC726000357448 /* Model */,
				264F9ECC1BF98A1B00D7423A /* View */,
				264F9ECB1BF989F800D7423A /* Support Files */,
				264F9EAF1BF9857500D7423A /* ProlificLibraryTests */,
				264F9EBA1BF9857600D7423A /* ProlificLibraryUITests */,
				264F9E991BF9857500D7423A /* Products */,
				8FF719AC84334D841FB5855C /* Pods */,
				575709322A21184AD14A3334 /* Frameworks */,
			);
			sourceTree = "<group>";
		};
		264F9E991BF9857500D7423A /* Products */ = {
			isa = PBXGroup;
			children = (
				264F9E981BF9857500D7423A /* ProlificLibrary.app */,
				264F9EAC1BF9857500D7423A /* ProlificLibraryTests.xctest */,
				264F9EB71BF9857600D7423A /* ProlificLibraryUITests.xctest */,
			);
			name = Products;
			sourceTree = "<group>";
		};
		264F9E9A1BF9857500D7423A /* ProlificLibrary */ = {
			isa = PBXGroup;
			children = (
				264F9EC91BF989E100D7423A /* TableViewController.swift */,
				264F9ECD1BF98E5700D7423A /* AddBooksVC.swift */,
				264F9ECF1BF98E8100D7423A /* DetailedBookVC.swift */,
			);
			path = ProlificLibrary;
			sourceTree = "<group>";
		};
		264F9EAF1BF9857500D7423A /* ProlificLibraryTests */ = {
			isa = PBXGroup;
			children = (
				264F9EB01BF9857500D7423A /* ProlificLibraryTests.swift */,
				264F9EB21BF9857500D7423A /* Info.plist */,
			);
			path = ProlificLibraryTests;
			sourceTree = "<group>";
		};
		264F9EBA1BF9857600D7423A /* ProlificLibraryUITests */ = {
			isa = PBXGroup;
			children = (
				264F9EBB1BF9857600D7423A /* ProlificLibraryUITests.swift */,
				264F9EBD1BF9857600D7423A /* Info.plist */,
			);
			path = ProlificLibraryUITests;
			sourceTree = "<group>";
		};
		264F9ECB1BF989F800D7423A /* Support Files */ = {
			isa = PBXGroup;
			children = (
				264F9E9B1BF9857500D7423A /* AppDelegate.swift */,
				264F9EA21BF9857500D7423A /* Assets.xcassets */,
				264F9EA41BF9857500D7423A /* LaunchScreen.storyboard */,
				264F9EA71BF9857500D7423A /* Info.plist */,
			);
			name = "Support Files";
			path = ProlificLibrary;
			sourceTree = "<group>";
		};
		264F9ECC1BF98A1B00D7423A /* View */ = {
			isa = PBXGroup;
			children = (
				264F9E9F1BF9857500D7423A /* Main.storyboard */,
			);
			name = View;
			path = ProlificLibrary;
			sourceTree = "<group>";
		};
		575709322A21184AD14A3334 /* Frameworks */ = {
			isa = PBXGroup;
			children = (
				98CAD4529A469B30FEB4A087 /* Pods_ProlificLibrary.framework */,
			);
			name = Frameworks;
			sourceTree = "<group>";
		};
		8FF719AC84334D841FB5855C /* Pods */ = {
			isa = PBXGroup;
			children = (
				FFD793E34CAD2009C5D2C3F2 /* Pods-ProlificLibrary.debug.xcconfig */,
				AB2582AB9FBF5CDB35AE8307 /* Pods-ProlificLibrary.release.xcconfig */,
			);
			name = Pods;
			sourceTree = "<group>";
		};
/* End PBXGroup section */

/* Begin PBXNativeTarget section */
		264F9E971BF9857500D7423A /* ProlificLibrary */ = {
			isa = PBXNativeTarget;
			buildConfigurationList = 264F9EC01BF9857600D7423A /* Build configuration list for PBXNativeTarget "ProlificLibrary" */;
			buildPhases = (
				FE80EFAB17A83BB6C63209C0 /* Check Pods Manifest.lock */,
				264F9E941BF9857500D7423A /* Sources */,
				264F9E951BF9857500D7423A /* Frameworks */,
				264F9E961BF9857500D7423A /* Resources */,
				FBC276BB7EE478866666C80D /* Embed Pods Frameworks */,
				AF69F029663D4A2E257DA012 /* Copy Pods Resources */,
			);
			buildRules = (
			);
			dependencies = (
			);
			name = ProlificLibrary;
			productName = ProlificLibrary;
			productReference = 264F9E981BF9857500D7423A /* ProlificLibrary.app */;
			productType = "com.apple.product-type.application";
		};
		264F9EAB1BF9857500D7423A /* ProlificLibraryTests */ = {
			isa = PBXNativeTarget;
			buildConfigurationList = 264F9EC31BF9857600D7423A /* Build configuration list for PBXNativeTarget "ProlificLibraryTests" */;
			buildPhases = (
				264F9EA81BF9857500D7423A /* Sources */,
				264F9EA91BF9857500D7423A /* Frameworks */,
				264F9EAA1BF9857500D7423A /* Resources */,
			);
			buildRules = (
			);
			dependencies = (
				264F9EAE1BF9857500D7423A /* PBXTargetDependency */,
			);
			name = ProlificLibraryTests;
			productName = ProlificLibraryTests;
			productReference = 264F9EAC1BF9857500D7423A /* ProlificLibraryTests.xctest */;
			productType = "com.apple.product-type.bundle.unit-test";
		};
		264F9EB61BF9857500D7423A /* ProlificLibraryUITests */ = {
			isa = PBXNativeTarget;
			buildConfigurationList = 264F9EC61BF9857600D7423A /* Build configuration list for PBXNativeTarget "ProlificLibraryUITests" */;
			buildPhases = (
				264F9EB31BF9857500D7423A /* Sources */,
				264F9EB41BF9857500D7423A /* Frameworks */,
				264F9EB51BF9857500D7423A /* Resources */,
			);
			buildRules = (
			);
			dependencies = (
				264F9EB91BF9857600D7423A /* PBXTargetDependency */,
			);
			name = ProlificLibraryUITests;
			productName = ProlificLibraryUITests;
			productReference = 264F9EB71BF9857600D7423A /* ProlificLibraryUITests.xctest */;
			productType = "com.apple.product-type.bundle.ui-testing";
		};
/* End PBXNativeTarget section */

/* Begin PBXProject section */
		264F9E901BF9857500D7423A /* Project object */ = {
			isa = PBXProject;
			attributes = {
				LastSwiftUpdateCheck = 0710;
				LastUpgradeCheck = 0710;
				ORGANIZATIONNAME = KaL;
				TargetAttributes = {
					264F9E971BF9857500D7423A = {
						CreatedOnToolsVersion = 7.1.1;
					};
					264F9EAB1BF9857500D7423A = {
						CreatedOnToolsVersion = 7.1.1;
						TestTargetID = 264F9E971BF9857500D7423A;
					};
					264F9EB61BF9857500D7423A = {
						CreatedOnToolsVersion = 7.1.1;
						TestTargetID = 264F9E971BF9857500D7423A;
					};
				};
			};
			buildConfigurationList = 264F9E931BF9857500D7423A /* Build configuration list for PBXProject "ProlificLibrary" */;
			compatibilityVersion = "Xcode 3.2";
			developmentRegion = English;
			hasScannedForEncodings = 0;
			knownRegions = (
				en,
				Base,
			);
			mainGroup = 264F9E8F1BF9857500D7423A;
			productRefGroup = 264F9E991BF9857500D7423A /* Products */;
			projectDirPath = "";
			projectRoot = "";
			targets = (
				264F9E971BF9857500D7423A /* ProlificLibrary */,
				264F9EAB1BF9857500D7423A /* ProlificLibraryTests */,
				264F9EB61BF9857500D7423A /* ProlificLibraryUITests */,
			);
		};
/* End PBXProject section */

/* Begin PBXResourcesBuildPhase section */
		264F9E961BF9857500D7423A /* Resources */ = {
			isa = PBXResourcesBuildPhase;
			buildActionMask = 2147483647;
			files = (
				264F9EA61BF9857500D7423A /* LaunchScreen.storyboard in Resources */,
				264F9EA31BF9857500D7423A /* Assets.xcassets in Resources */,
				264F9EA11BF9857500D7423A /* Main.storyboard in Resources */,
			);
			runOnlyForDeploymentPostprocessing = 0;
		};
		264F9EAA1BF9857500D7423A /* Resources */ = {
			isa = PBXResourcesBuildPhase;
			buildActionMask = 2147483647;
			files = (
			);
			runOnlyForDeploymentPostprocessing = 0;
		};
		264F9EB51BF9857500D7423A /* Resources */ = {
			isa = PBXResourcesBuildPhase;
			buildActionMask = 2147483647;
			files = (
			);
			runOnlyForDeploymentPostprocessing = 0;
		};
/* End PBXResourcesBuildPhase section */

/* Begin PBXShellScriptBuildPhase section */
		AF69F029663D4A2E257DA012 /* Copy Pods Resources */ = {
			isa = PBXShellScriptBuildPhase;
			buildActionMask = 2147483647;
			files = (
			);
			inputPaths = (
			);
			name = "Copy Pods Resources";
			outputPaths = (
			);
			runOnlyForDeploymentPostprocessing = 0;
			shellPath = /bin/sh;
			shellScript = "\"${SRCROOT}/Pods/Target Support Files/Pods-ProlificLibrary/Pods-ProlificLibrary-resources.sh\"\n";
			showEnvVarsInLog = 0;
		};
		FBC276BB7EE478866666C80D /* Embed Pods Frameworks */ = {
			isa = PBXShellScriptBuildPhase;
			buildActionMask = 2147483647;
			files = (
			);
			inputPaths = (
			);
			name = "Embed Pods Frameworks";
			outputPaths = (
			);
			runOnlyForDeploymentPostprocessing = 0;
			shellPath = /bin/sh;
			shellScript = "\"${SRCROOT}/Pods/Target Support Files/Pods-ProlificLibrary/Pods-ProlificLibrary-frameworks.sh\"\n";
			showEnvVarsInLog = 0;
		};
		FE80EFAB17A83BB6C63209C0 /* Check Pods Manifest.lock */ = {
			isa = PBXShellScriptBuildPhase;
			buildActionMask = 2147483647;
			files = (
			);
			inputPaths = (
			);
			name = "Check Pods Manifest.lock";
			outputPaths = (
			);
			runOnlyForDeploymentPostprocessing = 0;
			shellPath = /bin/sh;
			shellScript = "diff \"${PODS_ROOT}/../Podfile.lock\" \"${PODS_ROOT}/Manifest.lock\" > /dev/null\nif [[ $? != 0 ]] ; then\n    cat << EOM\nerror: The sandbox is not in sync with the Podfile.lock. Run 'pod install' or update your CocoaPods installation.\nEOM\n    exit 1\nfi\n";
			showEnvVarsInLog = 0;
		};
/* End PBXShellScriptBuildPhase section */

/* Begin PBXSourcesBuildPhase section */
		264F9E941BF9857500D7423A /* Sources */ = {
			isa = PBXSourcesBuildPhase;
			buildActionMask = 2147483647;
			files = (
				264F9ECA1BF989E100D7423A /* TableViewController.swift in Sources */,
				264F9ECE1BF98E5700D7423A /* AddBooksVC.swift in Sources */,
				2600F7DD1BFC725700357448 /* Book.swift in Sources */,
				264F9E9C1BF9857500D7423A /* AppDelegate.swift in Sources */,
				264F9ED01BF98E8100D7423A /* DetailedBookVC.swift in Sources */,
				2600F7DB1BFC60AC00357448 /* Books.swift in Sources */,
			);
			runOnlyForDeploymentPostprocessing = 0;
		};
		264F9EA81BF9857500D7423A /* Sources */ = {
			isa = PBXSourcesBuildPhase;
			buildActionMask = 2147483647;
			files = (
				264F9EB11BF9857500D7423A /* ProlificLibraryTests.swift in Sources */,
			);
			runOnlyForDeploymentPostprocessing = 0;
		};
		264F9EB31BF9857500D7423A /* Sources */ = {
			isa = PBXSourcesBuildPhase;
			buildActionMask = 2147483647;
			files = (
				264F9EBC1BF9857600D7423A /* ProlificLibraryUITests.swift in Sources */,
			);
			runOnlyForDeploymentPostprocessing = 0;
		};
/* End PBXSourcesBuildPhase section */

/* Begin PBXTargetDependency section */
		264F9EAE1BF9857500D7423A /* PBXTargetDependency */ = {
			isa = PBXTargetDependency;
			target = 264F9E971BF9857500D7423A /* ProlificLibrary */;
			targetProxy = 264F9EAD1BF9857500D7423A /* PBXContainerItemProxy */;
		};
		264F9EB91BF9857600D7423A /* PBXTargetDependency */ = {
			isa = PBXTargetDependency;
			target = 264F9E971BF9857500D7423A /* ProlificLibrary */;
			targetProxy = 264F9EB81BF9857600D7423A /* PBXContainerItemProxy */;
		};
/* End PBXTargetDependency section */

/* Begin PBXVariantGroup section */
		264F9E9F1BF9857500D7423A /* Main.storyboard */ = {
			isa = PBXVariantGroup;
			children = (
				264F9EA01BF9857500D7423A /* Base */,
			);
			name = Main.storyboard;
			sourceTree = "<group>";
		};
		264F9EA41BF9857500D7423A /* LaunchScreen.storyboard */ = {
			isa = PBXVariantGroup;
			children = (
				264F9EA51BF9857500D7423A /* Base */,
			);
			name = LaunchScreen.storyboard;
			sourceTree = "<group>";
		};
/* End PBXVariantGroup section */

/* Begin XCBuildConfiguration section */
		264F9EBE1BF9857600D7423A /* Debug */ = {
			isa = XCBuildConfiguration;
			buildSettings = {
				ALWAYS_SEARCH_USER_PATHS = NO;
				CLANG_CXX_LANGUAGE_STANDARD = "gnu++0x";
				CLANG_CXX_LIBRARY = "libc++";
				CLANG_ENABLE_MODULES = YES;
				CLANG_ENABLE_OBJC_ARC = YES;
				CLANG_WARN_BOOL_CONVERSION = YES;
				CLANG_WARN_CONSTANT_CONVERSION = YES;
				CLANG_WARN_DIRECT_OBJC_ISA_USAGE = YES_ERROR;
				CLANG_WARN_EMPTY_BODY = YES;
				CLANG_WARN_ENUM_CONVERSION = YES;
				CLANG_WARN_INT_CONVERSION = YES;
				CLANG_WARN_OBJC_ROOT_CLASS = YES_ERROR;
				CLANG_WARN_UNREACHABLE_CODE = YES;
				CLANG_WARN__DUPLICATE_METHOD_MATCH = YES;
				"CODE_SIGN_IDENTITY[sdk=iphoneos*]" = "iPhone Developer";
				COPY_PHASE_STRIP = NO;
				DEBUG_INFORMATION_FORMAT = dwarf;
				ENABLE_STRICT_OBJC_MSGSEND = YES;
				ENABLE_TESTABILITY = YES;
				GCC_C_LANGUAGE_STANDARD = gnu99;
				GCC_DYNAMIC_NO_PIC = NO;
				GCC_NO_COMMON_BLOCKS = YES;
				GCC_OPTIMIZATION_LEVEL = 0;
				GCC_PREPROCESSOR_DEFINITIONS = (
					"DEBUG=1",
					"$(inherited)",
				);
				GCC_WARN_64_TO_32_BIT_CONVERSION = YES;
				GCC_WARN_ABOUT_RETURN_TYPE = YES_ERROR;
				GCC_WARN_UNDECLARED_SELECTOR = YES;
				GCC_WARN_UNINITIALIZED_AUTOS = YES_AGGRESSIVE;
				GCC_WARN_UNUSED_FUNCTION = YES;
				GCC_WARN_UNUSED_VARIABLE = YES;
				IPHONEOS_DEPLOYMENT_TARGET = 9.1;
				MTL_ENABLE_DEBUG_INFO = YES;
				ONLY_ACTIVE_ARCH = YES;
				SDKROOT = iphoneos;
				SWIFT_OPTIMIZATION_LEVEL = "-Onone";
				TARGETED_DEVICE_FAMILY = "1,2";
			};
			name = Debug;
		};
		264F9EBF1BF9857600D7423A /* Release */ = {
			isa = XCBuildConfiguration;
			buildSettings = {
				ALWAYS_SEARCH_USER_PATHS = NO;
				CLANG_CXX_LANGUAGE_STANDARD = "gnu++0x";
				CLANG_CXX_LIBRARY = "libc++";
				CLANG_ENABLE_MODULES = YES;
				CLANG_ENABLE_OBJC_ARC = YES;
				CLANG_WARN_BOOL_CONVERSION = YES;
				CLANG_WARN_CONSTANT_CONVERSION = YES;
				CLANG_WARN_DIRECT_OBJC_ISA_USAGE = YES_ERROR;
				CLANG_WARN_EMPTY_BODY = YES;
				CLANG_WARN_ENUM_CONVERSION = YES;
				CLANG_WARN_INT_CONVERSION = YES;
				CLANG_WARN_OBJC_ROOT_CLASS = YES_ERROR;
				CLANG_WARN_UNREACHABLE_CODE = YES;
				CLANG_WARN__DUPLICATE_METHOD_MATCH = YES;
				"CODE_SIGN_IDENTITY[sdk=iphoneos*]" = "iPhone Developer";
				COPY_PHASE_STRIP = NO;
				DEBUG_INFORMATION_FORMAT = "dwarf-with-dsym";
				ENABLE_NS_ASSERTIONS = NO;
				ENABLE_STRICT_OBJC_MSGSEND = YES;
				GCC_C_LANGUAGE_STANDARD = gnu99;
				GCC_NO_COMMON_BLOCKS = YES;
				GCC_WARN_64_TO_32_BIT_CONVERSION = YES;
				GCC_WARN_ABOUT_RETURN_TYPE = YES_ERROR;
				GCC_WARN_UNDECLARED_SELECTOR = YES;
				GCC_WARN_UNINITIALIZED_AUTOS = YES_AGGRESSIVE;
				GCC_WARN_UNUSED_FUNCTION = YES;
				GCC_WARN_UNUSED_VARIABLE = YES;
				IPHONEOS_DEPLOYMENT_TARGET = 9.1;
				MTL_ENABLE_DEBUG_INFO = NO;
				SDKROOT = iphoneos;
				TARGETED_DEVICE_FAMILY = "1,2";
				VALIDATE_PRODUCT = YES;
			};
			name = Release;
		};
		264F9EC11BF9857600D7423A /* Debug */ = {
			isa = XCBuildConfiguration;
			baseConfigurationReference = FFD793E34CAD2009C5D2C3F2 /* Pods-ProlificLibrary.debug.xcconfig */;
			buildSettings = {
				ASSETCATALOG_COMPILER_APPICON_NAME = AppIcon;
				INFOPLIST_FILE = ProlificLibrary/Info.plist;
				LD_RUNPATH_SEARCH_PATHS = "$(inherited) @executable_path/Frameworks";
				PRODUCT_BUNDLE_IDENTIFIER = KaL.ProlificLibrary;
				PRODUCT_NAME = "$(TARGET_NAME)";
			};
			name = Debug;
		};
		264F9EC21BF9857600D7423A /* Release */ = {
			isa = XCBuildConfiguration;
			baseConfigurationReference = AB2582AB9FBF5CDB35AE8307 /* Pods-ProlificLibrary.release.xcconfig */;
			buildSettings = {
				ASSETCATALOG_COMPILER_APPICON_NAME = AppIcon;
				INFOPLIST_FILE = ProlificLibrary/Info.plist;
				LD_RUNPATH_SEARCH_PATHS = "$(inherited) @executable_path/Frameworks";
				PRODUCT_BUNDLE_IDENTIFIER = KaL.ProlificLibrary;
				PRODUCT_NAME = "$(TARGET_NAME)";
			};
			name = Release;
		};
		264F9EC41BF9857600D7423A /* Debug */ = {
			isa = XCBuildConfiguration;
			buildSettings = {
				BUNDLE_LOADER = "$(TEST_HOST)";
				INFOPLIST_FILE = ProlificLibraryTests/Info.plist;
				LD_RUNPATH_SEARCH_PATHS = "$(inherited) @executable_path/Frameworks @loader_path/Frameworks";
				PRODUCT_BUNDLE_IDENTIFIER = KaL.ProlificLibraryTests;
				PRODUCT_NAME = "$(TARGET_NAME)";
				TEST_HOST = "$(BUILT_PRODUCTS_DIR)/ProlificLibrary.app/ProlificLibrary";
			};
			name = Debug;
		};
		264F9EC51BF9857600D7423A /* Release */ = {
			isa = XCBuildConfiguration;
			buildSettings = {
				BUNDLE_LOADER = "$(TEST_HOST)";
				INFOPLIST_FILE = ProlificLibraryTests/Info.plist;
				LD_RUNPATH_SEARCH_PATHS = "$(inherited) @executable_path/Frameworks @loader_path/Frameworks";
				PRODUCT_BUNDLE_IDENTIFIER = KaL.ProlificLibraryTests;
				PRODUCT_NAME = "$(TARGET_NAME)";
				TEST_HOST = "$(BUILT_PRODUCTS_DIR)/ProlificLibrary.app/ProlificLibrary";
			};
			name = Release;
		};
		264F9EC71BF9857600D7423A /* Debug */ = {
			isa = XCBuildConfiguration;
			buildSettings = {
				INFOPLIST_FILE = ProlificLibraryUITests/Info.plist;
				LD_RUNPATH_SEARCH_PATHS = "$(inherited) @executable_path/Frameworks @loader_path/Frameworks";
				PRODUCT_BUNDLE_IDENTIFIER = KaL.ProlificLibraryUITests;
				PRODUCT_NAME = "$(TARGET_NAME)";
				TEST_TARGET_NAME = ProlificLibrary;
				USES_XCTRUNNER = YES;
			};
			name = Debug;
		};
		264F9EC81BF9857600D7423A /* Release */ = {
			isa = XCBuildConfiguration;
			buildSettings = {
				INFOPLIST_FILE = ProlificLibraryUITests/Info.plist;
				LD_RUNPATH_SEARCH_PATHS = "$(inherited) @executable_path/Frameworks @loader_path/Frameworks";
				PRODUCT_BUNDLE_IDENTIFIER = KaL.ProlificLibraryUITests;
				PRODUCT_NAME = "$(TARGET_NAME)";
				TEST_TARGET_NAME = ProlificLibrary;
				USES_XCTRUNNER = YES;
			};
			name = Release;
		};
/* End XCBuildConfiguration section */

/* Begin XCConfigurationList section */
		264F9E931BF9857500D7423A /* Build configuration list for PBXProject "ProlificLibrary" */ = {
			isa = XCConfigurationList;
			buildConfigurations = (
				264F9EBE1BF9857600D7423A /* Debug */,
				264F9EBF1BF9857600D7423A /* Release */,
			);
			defaultConfigurationIsVisible = 0;
			defaultConfigurationName = Release;
		};
		264F9EC01BF9857600D7423A /* Build configuration list for PBXNativeTarget "ProlificLibrary" */ = {
			isa = XCConfigurationList;
			buildConfigurations = (
				264F9EC11BF9857600D7423A /* Debug */,
				264F9EC21BF9857600D7423A /* Release */,
			);
			defaultConfigurationIsVisible = 0;
			defaultConfigurationName = Release;
		};
		264F9EC31BF9857600D7423A /* Build configuration list for PBXNativeTarget "ProlificLibraryTests" */ = {
			isa = XCConfigurationList;
			buildConfigurations = (
				264F9EC41BF9857600D7423A /* Debug */,
				264F9EC51BF9857600D7423A /* Release */,
			);
			defaultConfigurationIsVisible = 0;
			defaultConfigurationName = Release;
		};
		264F9EC61BF9857600D7423A /* Build configuration list for PBXNativeTarget "ProlificLibraryUITests" */ = {
			isa = XCConfigurationList;
			buildConfigurations = (
				264F9EC71BF9857600D7423A /* Debug */,
				264F9EC81BF9857600D7423A /* Release */,
			);
			defaultConfigurationIsVisible = 0;
			defaultConfigurationName = Release;
		};
/* End XCConfigurationList section */
	};
	rootObject = 264F9E901BF9857500D7423A /* Project object */;
}
